# This file is automatically @generated by Cargo.
# It is not intended for manual editing.
version = 4

[[package]]
name = "e000_smoke"
version = "0.1.0"

[[package]]
name = "e001_minimal_world"
version = "0.1.0"

[[package]]
name = "e002_genome_map"
version = "0.1.0"

[[package]]
name = "e003_genome_world"
version = "0.1.0"

[[package]]
name = "e004_genome_shape"
version = "0.1.0"

[[package]]
name = "e005_body_world"
version = "0.1.0"

[[package]]
name = "e006_species"
version = "0.1.0"

[[package]]
name = "e007_patchy_world"
version = "0.1.0"

[[package]]
name = "e008_prey_worth"
version = "0.1.0"

[[package]]
name = "e009_perception"
version = "0.1.0"

[[package]]
name = "e010_contact"
version = "0.1.0"

[[package]]
name = "e011_rich_cells"
version = "0.1.0"

[[package]]
name = "e012_two_places"
version = "0.1.0"

[[package]]
name = "e013_facing_space"
version = "0.1.0"

[[package]]
name = "e014_body_space"
version = "0.1.0"

[[package]]
name = "e015_move_work"
version = "0.1.0"

[[package]]
name = "e016_plant_under_body"
version = "0.1.0"

[[package]]
name = "e017_dead_body_food"
version = "0.1.0"

[[package]]
name = "e018_closed_cycle"
version = "0.1.0"

[[package]]
name = "e019_terrain"
version = "0.1.0"

[[package]]
name = "e020_rain"
version = "0.1.0"
